
Microsoft Visual Studio Solution File, Format Version 12.00
# Visual Studio 15
VisualStudioVersion = 15.0.26124.0
MinimumVisualStudioVersion = 15.0.26124.0
Project("{FAE04EC0-301F-11D3-BF4B-00C04F79EFBC}") = "Domain", "Domain\Domain.csproj", "{15B3C037-3FAD-4987-BC5D-378DF3FD8FB6}"
EndProject
Project("{FAE04EC0-301F-11D3-BF4B-00C04F79EFBC}") = "Application", "Application\Application.csproj", "{7D8A0A87-9E93-4E15-ABAB-B0210EECF89C}"
EndProject
Project("{FAE04EC0-301F-11D3-BF4B-00C04F79EFBC}") = "Persistence", "Persistence\Persistence.csproj", "{075661AE-FEE0-4235-B647-95EAD852B2CC}"
EndProject
Project("{FAE04EC0-301F-11D3-BF4B-00C04F79EFBC}") = "API", "API\API.csproj", "{66778659-48B8-4591-B521-F2BED5D6657B}"
EndProject
Global
	GlobalSection(SolutionConfigurationPlatforms) = preSolution
		Debug|Any CPU = Debug|Any CPU
		Debug|x64 = Debug|x64
		Debug|x86 = Debug|x86
		Release|Any CPU = Release|Any CPU
		Release|x64 = Release|x64
		Release|x86 = Release|x86
	EndGlobalSection
	GlobalSection(SolutionProperties) = preSolution
		HideSolutionNode = FALSE
	EndGlobalSection
	GlobalSection(ProjectConfigurationPlatforms) = postSolution
		{15B3C037-3FAD-4987-BC5D-378DF3FD8FB6}.Debug|Any CPU.ActiveCfg = Debug|Any CPU
		{15B3C037-3FAD-4987-BC5D-378DF3FD8FB6}.Debug|Any CPU.Build.0 = Debug|Any CPU
		{15B3C037-3FAD-4987-BC5D-378DF3FD8FB6}.Debug|x64.ActiveCfg = Debug|Any CPU
		{15B3C037-3FAD-4987-BC5D-378DF3FD8FB6}.Debug|x64.Build.0 = Debug|Any CPU
		{15B3C037-3FAD-4987-BC5D-378DF3FD8FB6}.Debug|x86.ActiveCfg = Debug|Any CPU
		{15B3C037-3FAD-4987-BC5D-378DF3FD8FB6}.Debug|x86.Build.0 = Debug|Any CPU
		{15B3C037-3FAD-4987-BC5D-378DF3FD8FB6}.Release|Any CPU.ActiveCfg = Release|Any CPU
		{15B3C037-3FAD-4987-BC5D-378DF3FD8FB6}.Release|Any CPU.Build.0 = Release|Any CPU
		{15B3C037-3FAD-4987-BC5D-378DF3FD8FB6}.Release|x64.ActiveCfg = Release|Any CPU
		{15B3C037-3FAD-4987-BC5D-378DF3FD8FB6}.Release|x64.Build.0 = Release|Any CPU
		{15B3C037-3FAD-4987-BC5D-378DF3FD8FB6}.Release|x86.ActiveCfg = Release|Any CPU
		{15B3C037-3FAD-4987-BC5D-378DF3FD8FB6}.Release|x86.Build.0 = Release|Any CPU
		{7D8A0A87-9E93-4E15-ABAB-B0210EECF89C}.Debug|Any CPU.ActiveCfg = Debug|Any CPU
		{7D8A0A87-9E93-4E15-ABAB-B0210EECF89C}.Debug|Any CPU.Build.0 = Debug|Any CPU
		{7D8A0A87-9E93-4E15-ABAB-B0210EECF89C}.Debug|x64.ActiveCfg = Debug|Any CPU
		{7D8A0A87-9E93-4E15-ABAB-B0210EECF89C}.Debug|x64.Build.0 = Debug|Any CPU
		{7D8A0A87-9E93-4E15-ABAB-B0210EECF89C}.Debug|x86.ActiveCfg = Debug|Any CPU
		{7D8A0A87-9E93-4E15-ABAB-B0210EECF89C}.Debug|x86.Build.0 = Debug|Any CPU
		{7D8A0A87-9E93-4E15-ABAB-B0210EECF89C}.Release|Any CPU.ActiveCfg = Release|Any CPU
		{7D8A0A87-9E93-4E15-ABAB-B0210EECF89C}.Release|Any CPU.Build.0 = Release|Any CPU
		{7D8A0A87-9E93-4E15-ABAB-B0210EECF89C}.Release|x64.ActiveCfg = Release|Any CPU
		{7D8A0A87-9E93-4E15-ABAB-B0210EECF89C}.Release|x64.Build.0 = Release|Any CPU
		{7D8A0A87-9E93-4E15-ABAB-B0210EECF89C}.Release|x86.ActiveCfg = Release|Any CPU
		{7D8A0A87-9E93-4E15-ABAB-B0210EECF89C}.Release|x86.Build.0 = Release|Any CPU
		{075661AE-FEE0-4235-B647-95EAD852B2CC}.Debug|Any CPU.ActiveCfg = Debug|Any CPU
		{075661AE-FEE0-4235-B647-95EAD852B2CC}.Debug|Any CPU.Build.0 = Debug|Any CPU
		{075661AE-FEE0-4235-B647-95EAD852B2CC}.Debug|x64.ActiveCfg = Debug|Any CPU
		{075661AE-FEE0-4235-B647-95EAD852B2CC}.Debug|x64.Build.0 = Debug|Any CPU
		{075661AE-FEE0-4235-B647-95EAD852B2CC}.Debug|x86.ActiveCfg = Debug|Any CPU
		{075661AE-FEE0-4235-B647-95EAD852B2CC}.Debug|x86.Build.0 = Debug|Any CPU
		{075661AE-FEE0-4235-B647-95EAD852B2CC}.Release|Any CPU.ActiveCfg = Release|Any CPU
		{075661AE-FEE0-4235-B647-95EAD852B2CC}.Release|Any CPU.Build.0 = Release|Any CPU
		{075661AE-FEE0-4235-B647-95EAD852B2CC}.Release|x64.ActiveCfg = Release|Any CPU
		{075661AE-FEE0-4235-B647-95EAD852B2CC}.Release|x64.Build.0 = Release|Any CPU
		{075661AE-FEE0-4235-B647-95EAD852B2CC}.Release|x86.ActiveCfg = Release|Any CPU
		{075661AE-FEE0-4235-B647-95EAD852B2CC}.Release|x86.Build.0 = Release|Any CPU
		{66778659-48B8-4591-B521-F2BED5D6657B}.Debug|Any CPU.ActiveCfg = Debug|Any CPU
		{66778659-48B8-4591-B521-F2BED5D6657B}.Debug|Any CPU.Build.0 = Debug|Any CPU
		{66778659-48B8-4591-B521-F2BED5D6657B}.Debug|x64.ActiveCfg = Debug|Any CPU
		{66778659-48B8-4591-B521-F2BED5D6657B}.Debug|x64.Build.0 = Debug|Any CPU
		{66778659-48B8-4591-B521-F2BED5D6657B}.Debug|x86.ActiveCfg = Debug|Any CPU
		{66778659-48B8-4591-B521-F2BED5D6657B}.Debug|x86.Build.0 = Debug|Any CPU
		{66778659-48B8-4591-B521-F2BED5D6657B}.Release|Any CPU.ActiveCfg = Release|Any CPU
		{66778659-48B8-4591-B521-F2BED5D6657B}.Release|Any CPU.Build.0 = Release|Any CPU
		{66778659-48B8-4591-B521-F2BED5D6657B}.Release|x64.ActiveCfg = Release|Any CPU
		{66778659-48B8-4591-B521-F2BED5D6657B}.Release|x64.Build.0 = Release|Any CPU
		{66778659-48B8-4591-B521-F2BED5D6657B}.Release|x86.ActiveCfg = Release|Any CPU
		{66778659-48B8-4591-B521-F2BED5D6657B}.Release|x86.Build.0 = Release|Any CPU
	EndGlobalSection
EndGlobal
